
Microsoft Visual Studio Solution File, Format Version 12.00
# Visual Studio Version 16
VisualStudioVersion = 16.0.32106.194
MinimumVisualStudioVersion = 10.0.40219.1
Project("{FAE04EC0-301F-11D3-BF4B-00C04F79EFBC}") = "MyGrpc", "MyGrpc\MyGrpc.csproj", "{1E47D8B4-24BD-45F5-98B8-DBE307E8EE78}"
EndProject
Project("{2150E333-8FDC-42A3-9474-1A3956D46DE8}") = "Server", "Server", "{82D2455A-9009-4733-BB7E-F7B5B4746547}"
EndProject
Project("{2150E333-8FDC-42A3-9474-1A3956D46DE8}") = "Client", "Client", "{B147D1C7-49FA-4FAE-8C78-1584754BBB31}"
EndProject
Project("{FAE04EC0-301F-11D3-BF4B-00C04F79EFBC}") = "MyClientGrpc", "MyClientGrpc\MyClientGrpc.csproj", "{21181336-3B05-4A05-82D7-AD76BD3DB25A}"
EndProject
Global
	GlobalSection(SolutionConfigurationPlatforms) = preSolution
		Debug|Any CPU = Debug|Any CPU
		Release|Any CPU = Release|Any CPU
	EndGlobalSection
	GlobalSection(ProjectConfigurationPlatforms) = postSolution
		{1E47D8B4-24BD-45F5-98B8-DBE307E8EE78}.Debug|Any CPU.ActiveCfg = Debug|Any CPU
		{1E47D8B4-24BD-45F5-98B8-DBE307E8EE78}.Debug|Any CPU.Build.0 = Debug|Any CPU
		{1E47D8B4-24BD-45F5-98B8-DBE307E8EE78}.Release|Any CPU.ActiveCfg = Release|Any CPU
		{1E47D8B4-24BD-45F5-98B8-DBE307E8EE78}.Release|Any CPU.Build.0 = Release|Any CPU
		{21181336-3B05-4A05-82D7-AD76BD3DB25A}.Debug|Any CPU.ActiveCfg = Debug|Any CPU
		{21181336-3B05-4A05-82D7-AD76BD3DB25A}.Debug|Any CPU.Build.0 = Debug|Any CPU
		{21181336-3B05-4A05-82D7-AD76BD3DB25A}.Release|Any CPU.ActiveCfg = Release|Any CPU
		{21181336-3B05-4A05-82D7-AD76BD3DB25A}.Release|Any CPU.Build.0 = Release|Any CPU
	EndGlobalSection
	GlobalSection(SolutionProperties) = preSolution
		HideSolutionNode = FALSE
	EndGlobalSection
	GlobalSection(NestedProjects) = preSolution
		{1E47D8B4-24BD-45F5-98B8-DBE307E8EE78} = {82D2455A-9009-4733-BB7E-F7B5B4746547}
		{21181336-3B05-4A05-82D7-AD76BD3DB25A} = {B147D1C7-49FA-4FAE-8C78-1584754BBB31}
	EndGlobalSection
	GlobalSection(ExtensibilityGlobals) = postSolution
		SolutionGuid = {A5E68141-3254-4A95-B53A-769104E7B4DC}
	EndGlobalSection
EndGlobal
